
Microsoft Visual Studio Solution File, Format Version 12.00
# Visual Studio Version 17
VisualStudioVersion = 17.12.35527.113
MinimumVisualStudioVersion = 10.0.40219.1
Project("{FAE04EC0-301F-11D3-BF4B-00C04F79EFBC}") = "PresentacionFinal", "PresentacionFinal\PresentacionFinal.csproj", "{CB79E262-4D8D-41FB-AD7E-D945B2AE454E}"
EndProject
Project("{FAE04EC0-301F-11D3-BF4B-00C04F79EFBC}") = "Dominio", "Dominio\Dominio.csproj", "{FD16D07E-CEDE-4C6F-B432-752AB63E8E96}"
EndProject
Project("{FAE04EC0-301F-11D3-BF4B-00C04F79EFBC}") = "DAL", "DAL\DAL.csproj", "{0A952D74-97E1-4D03-A9D3-3262F20FAD3C}"
EndProject
Project("{FAE04EC0-301F-11D3-BF4B-00C04F79EFBC}") = "BLL", "BLL\BLL.csproj", "{E29CF724-9E75-4E2E-8AEE-FD952ED554C5}"
EndProject
Global
	GlobalSection(SolutionConfigurationPlatforms) = preSolution
		Debug|Any CPU = Debug|Any CPU
		Release|Any CPU = Release|Any CPU
	EndGlobalSection
	GlobalSection(ProjectConfigurationPlatforms) = postSolution
		{CB79E262-4D8D-41FB-AD7E-D945B2AE454E}.Debug|Any CPU.ActiveCfg = Debug|Any CPU
		{CB79E262-4D8D-41FB-AD7E-D945B2AE454E}.Debug|Any CPU.Build.0 = Debug|Any CPU
		{CB79E262-4D8D-41FB-AD7E-D945B2AE454E}.Release|Any CPU.ActiveCfg = Release|Any CPU
		{CB79E262-4D8D-41FB-AD7E-D945B2AE454E}.Release|Any CPU.Build.0 = Release|Any CPU
		{FD16D07E-CEDE-4C6F-B432-752AB63E8E96}.Debug|Any CPU.ActiveCfg = Debug|Any CPU
		{FD16D07E-CEDE-4C6F-B432-752AB63E8E96}.Debug|Any CPU.Build.0 = Debug|Any CPU
		{FD16D07E-CEDE-4C6F-B432-752AB63E8E96}.Release|Any CPU.ActiveCfg = Release|Any CPU
		{FD16D07E-CEDE-4C6F-B432-752AB63E8E96}.Release|Any CPU.Build.0 = Release|Any CPU
		{0A952D74-97E1-4D03-A9D3-3262F20FAD3C}.Debug|Any CPU.ActiveCfg = Debug|Any CPU
		{0A952D74-97E1-4D03-A9D3-3262F20FAD3C}.Debug|Any CPU.Build.0 = Debug|Any CPU
		{0A952D74-97E1-4D03-A9D3-3262F20FAD3C}.Release|Any CPU.ActiveCfg = Release|Any CPU
		{0A952D74-97E1-4D03-A9D3-3262F20FAD3C}.Release|Any CPU.Build.0 = Release|Any CPU
		{E29CF724-9E75-4E2E-8AEE-FD952ED554C5}.Debug|Any CPU.ActiveCfg = Debug|Any CPU
		{E29CF724-9E75-4E2E-8AEE-FD952ED554C5}.Debug|Any CPU.Build.0 = Debug|Any CPU
		{E29CF724-9E75-4E2E-8AEE-FD952ED554C5}.Release|Any CPU.ActiveCfg = Release|Any CPU
		{E29CF724-9E75-4E2E-8AEE-FD952ED554C5}.Release|Any CPU.Build.0 = Release|Any CPU
	EndGlobalSection
	GlobalSection(SolutionProperties) = preSolution
		HideSolutionNode = FALSE
	EndGlobalSection
EndGlobal
